lockfileVersion: '6.0'

settings:
  autoInstallPeers: true
  excludeLinksFromLockfile: false

dependencies:
  grapesjs:
    specifier: ^0.21.5
    version: 0.21.5
  grapesjs-blocks-basic:
    specifier: ^1.0.2
    version: 1.0.2
  grapesjs-component-countdown:
    specifier: ^1.0.2
    version: 1.0.2
  grapesjs-custom-code:
    specifier: ^1.0.2
    version: 1.0.2
  grapesjs-parser-postcss:
    specifier: ^1.0.1
    version: 1.0.1
  grapesjs-plugin-ckeditor:
    specifier: ^1.0.1
    version: 1.0.1
  grapesjs-plugin-export:
    specifier: ^1.0.12
    version: 1.0.12
  grapesjs-plugin-forms:
    specifier: ^2.0.6
    version: 2.0.6
  grapesjs-preset-webpage:
    specifier: ^1.0.3
    version: 1.0.3
  grapesjs-script-editor:
    specifier: ^1.0.3
    version: 1.0.3
  grapesjs-style-bg:
    specifier: ^2.0.2
    version: 2.0.2
  grapesjs-tabs:
    specifier: ^1.0.6
    version: 1.0.6
  grapesjs-tooltip:
    specifier: ^0.1.8
    version: 0.1.8
  grapesjs-touch:
    specifier: ^0.1.1
    version: 0.1.1
  grapesjs-tui-image-editor:
    specifier: ^1.0.2
    version: 1.0.2
  grapesjs-typed:
    specifier: ^2.0.1
    version: 2.0.1

devDependencies:
  vite:
    specifier: ^4.4.5
    version: 4.4.5

packages:

  /@esbuild/android-arm64@0.18.20:
    resolution: {integrity: sha512-Nz4rJcchGDtENV0eMKUNa6L12zz2zBDXuhj/Vjh18zGqB44Bi7MBMSXjgunJgjRhCmKOjnPuZp4Mb6OKqtMHLQ==}
    engines: {node: '>=12'}
    cpu: [arm64]
    os: [android]
    requiresBuild: true
    dev: true
    optional: true

  /@esbuild/android-arm@0.18.20:
    resolution: {integrity: sha512-fyi7TDI/ijKKNZTUJAQqiG5T7YjJXgnzkURqmGj13C6dCqckZBLdl4h7bkhHt/t0WP+zO9/zwroDvANaOqO5Sw==}
    engines: {node: '>=12'}
    cpu: [arm]
    os: [android]
    requiresBuild: true
    dev: true
    optional: true

  /@esbuild/android-x64@0.18.20:
    resolution: {integrity: sha512-8GDdlePJA8D6zlZYJV/jnrRAi6rOiNaCC/JclcXpB+KIuvfBN4owLtgzY2bsxnx666XjJx2kDPUmnTtR8qKQUg==}
    engines: {node: '>=12'}
    cpu: [x64]
    os: [android]
    requiresBuild: true
    dev: true
    optional: true

  /@esbuild/darwin-arm64@0.18.20:
    resolution: {integrity: sha512-bxRHW5kHU38zS2lPTPOyuyTm+S+eobPUnTNkdJEfAddYgEcll4xkT8DB9d2008DtTbl7uJag2HuE5NZAZgnNEA==}
    engines: {node: '>=12'}
    cpu: [arm64]
    os: [darwin]
    requiresBuild: true
    dev: true
    optional: true

  /@esbuild/darwin-x64@0.18.20:
    resolution: {integrity: sha512-pc5gxlMDxzm513qPGbCbDukOdsGtKhfxD1zJKXjCCcU7ju50O7MeAZ8c4krSJcOIJGFR+qx21yMMVYwiQvyTyQ==}
    engines: {node: '>=12'}
    cpu: [x64]
    os: [darwin]
    requiresBuild: true
    dev: true
    optional: true

  /@esbuild/freebsd-arm64@0.18.20:
    resolution: {integrity: sha512-yqDQHy4QHevpMAaxhhIwYPMv1NECwOvIpGCZkECn8w2WFHXjEwrBn3CeNIYsibZ/iZEUemj++M26W3cNR5h+Tw==}
    engines: {node: '>=12'}
    cpu: [arm64]
    os: [freebsd]
    requiresBuild: true
    dev: true
    optional: true

  /@esbuild/freebsd-x64@0.18.20:
    resolution: {integrity: sha512-tgWRPPuQsd3RmBZwarGVHZQvtzfEBOreNuxEMKFcd5DaDn2PbBxfwLcj4+aenoh7ctXcbXmOQIn8HI6mCSw5MQ==}
    engines: {node: '>=12'}
    cpu: [x64]
    os: [freebsd]
    requiresBuild: true
    dev: true
    optional: true

  /@esbuild/linux-arm64@0.18.20:
    resolution: {integrity: sha512-2YbscF+UL7SQAVIpnWvYwM+3LskyDmPhe31pE7/aoTMFKKzIc9lLbyGUpmmb8a8AixOL61sQ/mFh3jEjHYFvdA==}
    engines: {node: '>=12'}
    cpu: [arm64]
    os: [linux]
    requiresBuild: true
    dev: true
    optional: true

  /@esbuild/linux-arm@0.18.20:
    resolution: {integrity: sha512-/5bHkMWnq1EgKr1V+Ybz3s1hWXok7mDFUMQ4cG10AfW3wL02PSZi5kFpYKrptDsgb2WAJIvRcDm+qIvXf/apvg==}
    engines: {node: '>=12'}
    cpu: [arm]
    os: [linux]
    requiresBuild: true
    dev: true
    optional: true

  /@esbuild/linux-ia32@0.18.20:
    resolution: {integrity: sha512-P4etWwq6IsReT0E1KHU40bOnzMHoH73aXp96Fs8TIT6z9Hu8G6+0SHSw9i2isWrD2nbx2qo5yUqACgdfVGx7TA==}
    engines: {node: '>=12'}
    cpu: [ia32]
    os: [linux]
    requiresBuild: true
    dev: true
    optional: true

  /@esbuild/linux-loong64@0.18.20:
    resolution: {integrity: sha512-nXW8nqBTrOpDLPgPY9uV+/1DjxoQ7DoB2N8eocyq8I9XuqJ7BiAMDMf9n1xZM9TgW0J8zrquIb/A7s3BJv7rjg==}
    engines: {node: '>=12'}
    cpu: [loong64]
    os: [linux]
    requiresBuild: true
    dev: true
    optional: true

  /@esbuild/linux-mips64el@0.18.20:
    resolution: {integrity: sha512-d5NeaXZcHp8PzYy5VnXV3VSd2D328Zb+9dEq5HE6bw6+N86JVPExrA6O68OPwobntbNJ0pzCpUFZTo3w0GyetQ==}
    engines: {node: '>=12'}
    cpu: [mips64el]
    os: [linux]
    requiresBuild: true
    dev: true
    optional: true

  /@esbuild/linux-ppc64@0.18.20:
    resolution: {integrity: sha512-WHPyeScRNcmANnLQkq6AfyXRFr5D6N2sKgkFo2FqguP44Nw2eyDlbTdZwd9GYk98DZG9QItIiTlFLHJHjxP3FA==}
    engines: {node: '>=12'}
    cpu: [ppc64]
    os: [linux]
    requiresBuild: true
    dev: true
    optional: true

  /@esbuild/linux-riscv64@0.18.20:
    resolution: {integrity: sha512-WSxo6h5ecI5XH34KC7w5veNnKkju3zBRLEQNY7mv5mtBmrP/MjNBCAlsM2u5hDBlS3NGcTQpoBvRzqBcRtpq1A==}
    engines: {node: '>=12'}
    cpu: [riscv64]
    os: [linux]
    requiresBuild: true
    dev: true
    optional: true

  /@esbuild/linux-s390x@0.18.20:
    resolution: {integrity: sha512-+8231GMs3mAEth6Ja1iK0a1sQ3ohfcpzpRLH8uuc5/KVDFneH6jtAJLFGafpzpMRO6DzJ6AvXKze9LfFMrIHVQ==}
    engines: {node: '>=12'}
    cpu: [s390x]
    os: [linux]
    requiresBuild: true
    dev: true
    optional: true

  /@esbuild/linux-x64@0.18.20:
    resolution: {integrity: sha512-UYqiqemphJcNsFEskc73jQ7B9jgwjWrSayxawS6UVFZGWrAAtkzjxSqnoclCXxWtfwLdzU+vTpcNYhpn43uP1w==}
    engines: {node: '>=12'}
    cpu: [x64]
    os: [linux]
    requiresBuild: true
    dev: true
    optional: true

  /@esbuild/netbsd-x64@0.18.20:
    resolution: {integrity: sha512-iO1c++VP6xUBUmltHZoMtCUdPlnPGdBom6IrO4gyKPFFVBKioIImVooR5I83nTew5UOYrk3gIJhbZh8X44y06A==}
    engines: {node: '>=12'}
    cpu: [x64]
    os: [netbsd]
    requiresBuild: true
    dev: true
    optional: true

  /@esbuild/openbsd-x64@0.18.20:
    resolution: {integrity: sha512-e5e4YSsuQfX4cxcygw/UCPIEP6wbIL+se3sxPdCiMbFLBWu0eiZOJ7WoD+ptCLrmjZBK1Wk7I6D/I3NglUGOxg==}
    engines: {node: '>=12'}
    cpu: [x64]
    os: [openbsd]
    requiresBuild: true
    dev: true
    optional: true

  /@esbuild/sunos-x64@0.18.20:
    resolution: {integrity: sha512-kDbFRFp0YpTQVVrqUd5FTYmWo45zGaXe0X8E1G/LKFC0v8x0vWrhOWSLITcCn63lmZIxfOMXtCfti/RxN/0wnQ==}
    engines: {node: '>=12'}
    cpu: [x64]
    os: [sunos]
    requiresBuild: true
    dev: true
    optional: true

  /@esbuild/win32-arm64@0.18.20:
    resolution: {integrity: sha512-ddYFR6ItYgoaq4v4JmQQaAI5s7npztfV4Ag6NrhiaW0RrnOXqBkgwZLofVTlq1daVTQNhtI5oieTvkRPfZrePg==}
    engines: {node: '>=12'}
    cpu: [arm64]
    os: [win32]
    requiresBuild: true
    dev: true
    optional: true

  /@esbuild/win32-ia32@0.18.20:
    resolution: {integrity: sha512-Wv7QBi3ID/rROT08SABTS7eV4hX26sVduqDOTe1MvGMjNd3EjOz4b7zeexIR62GTIEKrfJXKL9LFxTYgkyeu7g==}
    engines: {node: '>=12'}
    cpu: [ia32]
    os: [win32]
    requiresBuild: true
    dev: true
    optional: true

  /@esbuild/win32-x64@0.18.20:
    resolution: {integrity: sha512-kTdfRcSiDfQca/y9QIkng02avJ+NCaQvrMejlsB3RRv5sE9rRoeBPISaZpKxHELzRxZyLvNts1P27W3wV+8geQ==}
    engines: {node: '>=12'}
    cpu: [x64]
    os: [win32]
    requiresBuild: true
    dev: true
    optional: true

  /@types/backbone@1.4.15:
    resolution: {integrity: sha512-WWeKtYlsIMtDyLbbhkb96taJMEbfQBnuz7yw1u0pkphCOtksemoWhIXhK74VRCY9hbjnsH3rsJu2uUiFtnsEYg==}
    dependencies:
      '@types/jquery': 3.5.18
      '@types/underscore': 1.11.9
    dev: false

  /@types/ckeditor4@4.20.3:
    resolution: {integrity: sha512-hNkTF9JscWMJ6MdBADMvd+k3rfBpJj4DZm/tk72ZiZY7Gjv3w8XJcdF7JLV7Gwo5SXVpj5PnGok1+mIyiUj2AA==}
    dev: false

  /@types/file-saver@2.0.5:
    resolution: {integrity: sha512-zv9kNf3keYegP5oThGLaPk8E081DFDuwfqjtiTzm6PoxChdJ1raSuADf2YGCVIyrSynLrgc8JWv296s7Q7pQSQ==}
    dev: false

  /@types/jquery@3.5.18:
    resolution: {integrity: sha512-sNm7O6LECFhHmF+3KYo6QIl2fIbjlPYa0PDgDQwfOaEJzwpK20Eub9Ke7VKkGsSJ2K0HUR50S266qYzRX4GlSw==}
    dependencies:
      '@types/sizzle': 2.3.3
    dev: false

  /@types/sizzle@2.3.3:
    resolution: {integrity: sha512-JYM8x9EGF163bEyhdJBpR2QX1R5naCJHC8ucJylJ3w9/CVBaskdQ8WqBf8MmQrd1kRvp/a4TS8HJ+bxzR7ZJYQ==}
    dev: false

  /@types/underscore@1.11.9:
    resolution: {integrity: sha512-M63wKUdsjDFUfyFt1TCUZHGFk9KDAa5JP0adNUErbm0U45Lr06HtANdYRP+GyleEopEoZ4UyBcdAC5TnW4Uz2w==}
    dev: false

  /backbone-undo@0.2.6:
    resolution: {integrity: sha512-AsfpNiljLXlk7TcffDUu3EAUq7CxWbyTNwARWrql5XTzN4vh6WzEEBZYaKK4kTTz+iW1tSzqUooaGRIwO83kWA==}
    dependencies:
      backbone: 1.4.1
      underscore: 1.13.6
    dev: false

  /backbone@1.4.1:
    resolution: {integrity: sha512-ADy1ztN074YkWbHi8ojJVFe3vAanO/lrzMGZWUClIP7oDD/Pjy2vrASraUP+2EVCfIiTtCW4FChVow01XneivA==}
    dependencies:
      underscore: 1.13.6
    dev: false

  /codemirror-formatting@1.0.0:
    resolution: {integrity: sha512-br9yM6eJI3pJHekEnoyHaBEb1B7XxxDjju+vRyBe8QGLp5saTIXXkZ+eFCTqXSAtI8QEZDFVEX2/SOjH2sVWRQ==}
    dev: false

  /codemirror@5.65.15:
    resolution: {integrity: sha512-YC4EHbbwQeubZzxLl5G4nlbLc1T21QTrKGaOal/Pkm9dVDMZXMH7+ieSPEOZCtO9I68i8/oteJKOxzHC2zR+0g==}
    dev: false

  /esbuild@0.18.20:
    resolution: {integrity: sha512-ceqxoedUrcayh7Y7ZX6NdbbDzGROiyVBgC4PriJThBKSVPWnnFHZAkfI1lJT8QFkOwH4qOS2SJkS4wvpGl8BpA==}
    engines: {node: '>=12'}
    hasBin: true
    requiresBuild: true
    optionalDependencies:
      '@esbuild/android-arm': 0.18.20
      '@esbuild/android-arm64': 0.18.20
      '@esbuild/android-x64': 0.18.20
      '@esbuild/darwin-arm64': 0.18.20
      '@esbuild/darwin-x64': 0.18.20
      '@esbuild/freebsd-arm64': 0.18.20
      '@esbuild/freebsd-x64': 0.18.20
      '@esbuild/linux-arm': 0.18.20
      '@esbuild/linux-arm64': 0.18.20
      '@esbuild/linux-ia32': 0.18.20
      '@esbuild/linux-loong64': 0.18.20
      '@esbuild/linux-mips64el': 0.18.20
      '@esbuild/linux-ppc64': 0.18.20
      '@esbuild/linux-riscv64': 0.18.20
      '@esbuild/linux-s390x': 0.18.20
      '@esbuild/linux-x64': 0.18.20
      '@esbuild/netbsd-x64': 0.18.20
      '@esbuild/openbsd-x64': 0.18.20
      '@esbuild/sunos-x64': 0.18.20
      '@esbuild/win32-arm64': 0.18.20
      '@esbuild/win32-ia32': 0.18.20
      '@esbuild/win32-x64': 0.18.20
    dev: true

  /fsevents@2.3.3:
    resolution: {integrity: sha512-5xoDfX+fL7faATnagmWPpbFtwh/R77WmMMqqHGS65C3vvB0YHrgF+B1YmZ3441tMj5n63k0212XNoJwzlhffQw==}
    engines: {node: ^8.16.0 || ^10.6.0 || >=11.0.0}
    os: [darwin]
    requiresBuild: true
    dev: true
    optional: true

  /grapesjs-blocks-basic@1.0.2:
    resolution: {integrity: sha512-SsPKf/CvQkZ+kABOsN01auAPHXh/2J20g0AWYF7fHR3Gw3TZLtdIxT1mk90Qzi76u/7sUYi3CTI+i3ZaTtXHRA==}
    dev: false

  /grapesjs-component-countdown@1.0.2:
    resolution: {integrity: sha512-YEDlDY8AxUvNNHojDgOFv76jqDwo49LyFf9ES/Yrda1ou0ohQfoouxRXS+3RzDDN5NEBKkM1PggZlcbiIQfr8Q==}
    dev: false

  /grapesjs-custom-code@1.0.2:
    resolution: {integrity: sha512-B8IZQyB+HjLb9HkHzQ+RVHE5Q6zqX7Ry8b+kYk8Jh7vjmPawe+/kL0pXYxYQ2bSmdaUEuq8mLngiNY+l6EFEVQ==}
    dev: false

  /grapesjs-parser-postcss@1.0.1:
    resolution: {integrity: sha512-x7RxOCMsEWxd1fbEDKKUdiuZNE7GhDqCSZ7LMo72y/dNSXImhPYSVeUnC+vN7VCJlqmmRjxwAYpycCPz2j2g6A==}
    dev: false

  /grapesjs-plugin-ckeditor@1.0.1:
    resolution: {integrity: sha512-ILxmI36udAkLgF+rP5jBtabq88zg04uUYPP60rXa6qTgjXK96vuq21xkh1qZiDGLUYiPVC3jgVPaCO68sH500Q==}
    dependencies:
      '@types/ckeditor4': 4.20.3
    dev: false

  /grapesjs-plugin-export@1.0.12:
    resolution: {integrity: sha512-q5rn1dwUYqPwDVnL9dhMxInk2SXWbrJ7OUUjFYk2LGJoT1laN3TZSDlDn/DVp9pCQd7fyHDgLdy8mvaVVmSh6g==}
    dependencies:
      '@types/file-saver': 2.0.5
    dev: false

  /grapesjs-plugin-forms@2.0.6:
    resolution: {integrity: sha512-4rDob01NLiJWas5JW1FCpQc/4R4oS4wc/qr7pQwjGUiDzHNPKZLix10FqUKEv7hnzPmBaR2ejBL87sMwz11Tlw==}
    dev: false

  /grapesjs-preset-webpage@1.0.3:
    resolution: {integrity: sha512-C0VOKLAdhv0j1f81c6F2uk3JpJvxgXl5DeHUtDa5qGf/HZzaCmQxsvd8Re3Oh5Cah4uUCqoi9uB5FYx3hLND2w==}
    dev: false

  /grapesjs-script-editor@1.0.3:
    resolution: {integrity: sha512-CL4BGKIavCqAoFINqo8sYvht2A1Y10henA2w8tnyqqadigHPNm73684AqxF9gEgfK+4vS+2MqzoMwHmQHvmYdg==}
    dev: false

  /grapesjs-style-bg@2.0.2:
    resolution: {integrity: sha512-LFPRjWeGpnwW6WbbxvbQIG6F52RAFuHyO5L7Rov39rltvERlyrE1n/xaZW8arFAF4yxylPHQ/hhxJaVlILf2Iw==}
    dependencies:
      grapesjs-style-gradient: 3.0.1
    dev: false

  /grapesjs-style-gradient@3.0.1:
    resolution: {integrity: sha512-NUVSrvWaOli/vQzDkFEvFcstepOnDMeC/Y34pCOArJi+RnREDuE6JLv7ONU4DdU4yB8vbTgNmZ8YZxW9KYJ0rQ==}
    dependencies:
      grapick: 0.1.13
    dev: false

  /grapesjs-tabs@1.0.6:
    resolution: {integrity: sha512-Xmdte7jMvmGDHIL29t8jlGWL/oSmXOEgswmlKSaYKc7z4ZJEfF0Vr+YTfF6MZq/FFYjzk+0kOad6dnS3TDgZ5Q==}
    dev: false

  /grapesjs-tooltip@0.1.8:
    resolution: {integrity: sha512-8q8ck/Ri167fPCAtyXslyRQ88wWk3w6pXKEcd1va5hIy/YNierZQ7AbKkdmXwbd2mR65lJWRv8tjhFsEDE3ZoQ==}
    dev: false

  /grapesjs-touch@0.1.1:
    resolution: {integrity: sha512-rtuxdAhlfGW2XXYY3O04C2Q27X9dtB8P0jcA75rAP/TmwC0kaJKTKHihXAW0VVjx3M8IsC9RSxvhA1Q44QcjmA==}
    dev: false

  /grapesjs-tui-image-editor@1.0.2:
    resolution: {integrity: sha512-cnKSYzzQV8m5mdvVGhhO9aO5tmtOZLR1O+12z2LqnBcYCvA1eN7ecEYqHT7qpRVH8Q84Nj2mmCn+2t4TvrkI8g==}
    dev: false

  /grapesjs-typed@2.0.1:
    resolution: {integrity: sha512-3Z5hATX/Zp9PkdOv94RtIzqB/n1mMUdTO5X/ZyNUMzSmGZG4CHtTmw3bIQDIkrSTWdbcqInlbFPzvzKYr4rKaw==}
    dev: false

  /grapesjs@0.21.5:
    resolution: {integrity: sha512-CKUIxWX/fmCaHVbZ4Li0pLIpYBOE4FvgKkP72+s5hLqmqhInL6oo4EnhWMszxZYlcJc5TYySo+6JwslknC+Wbw==}
    dependencies:
      '@types/backbone': 1.4.15
      backbone: 1.4.1
      backbone-undo: 0.2.6
      codemirror: 5.65.15
      codemirror-formatting: 1.0.0
      promise-polyfill: 8.3.0
      underscore: 1.13.6
    dev: false

  /grapick@0.1.13:
    resolution: {integrity: sha512-2v7DdmXKbl9+GsL2ZRl2qEMD+PeczYJBSifwx+5SGbaSh0pZ+b6GLya87cBfN953wwXsZqyzuSVPBzqRz8F12g==}
    dev: false

  /nanoid@3.3.6:
    resolution: {integrity: sha512-BGcqMMJuToF7i1rt+2PWSNVnWIkGCU78jBG3RxO/bZlnZPK2Cmi2QaffxGO/2RvWi9sL+FAiRiXMgsyxQ1DIDA==}
    engines: {node: ^10 || ^12 || ^13.7 || ^14 || >=15.0.1}
    hasBin: true
    dev: true

  /picocolors@1.0.0:
    resolution: {integrity: sha512-1fygroTLlHu66zi26VoTDv8yRgm0Fccecssto+MhsZ0D/DGW2sm8E8AjW7NU5VVTRt5GxbeZ5qBuJr+HyLYkjQ==}
    dev: true

  /postcss@8.4.29:
    resolution: {integrity: sha512-cbI+jaqIeu/VGqXEarWkRCCffhjgXc0qjBtXpqJhTBohMUjUQnbBr0xqX3vEKudc4iviTewcJo5ajcec5+wdJw==}
    engines: {node: ^10 || ^12 || >=14}
    dependencies:
      nanoid: 3.3.6
      picocolors: 1.0.0
      source-map-js: 1.0.2
    dev: true

  /promise-polyfill@8.3.0:
    resolution: {integrity: sha512-H5oELycFml5yto/atYqmjyigJoAo3+OXwolYiH7OfQuYlAqhxNvTfiNMbV9hsC6Yp83yE5r2KTVmtrG6R9i6Pg==}
    dev: false

  /rollup@3.28.1:
    resolution: {integrity: sha512-R9OMQmIHJm9znrU3m3cpE8uhN0fGdXiawME7aZIpQqvpS/85+Vt1Hq1/yVIcYfOmaQiHjvXkQAoJukvLpau6Yw==}
    engines: {node: '>=14.18.0', npm: '>=8.0.0'}
    hasBin: true
    optionalDependencies:
      fsevents: 2.3.3
    dev: true

  /source-map-js@1.0.2:
    resolution: {integrity: sha512-R0XvVJ9WusLiqTCEiGCmICCMplcCkIwwR11mOSD9CR5u+IXYdiseeEuXCVAjS54zqwkLcPNnmU4OeJ6tUrWhDw==}
    engines: {node: '>=0.10.0'}
    dev: true

  /underscore@1.13.6:
    resolution: {integrity: sha512-+A5Sja4HP1M08MaXya7p5LvjuM7K6q/2EaC0+iovj/wOcMsTzMvDFbasi/oSapiwOlt252IqsKqPjCl7huKS0A==}
    dev: false

  /vite@4.4.5:
    resolution: {integrity: sha512-4m5kEtAWHYr0O1Fu7rZp64CfO1PsRGZlD3TAB32UmQlpd7qg15VF7ROqGN5CyqN7HFuwr7ICNM2+fDWRqFEKaA==}
    engines: {node: ^14.18.0 || >=16.0.0}
    hasBin: true
    peerDependencies:
      '@types/node': '>= 14'
      less: '*'
      lightningcss: ^1.21.0
      sass: '*'
      stylus: '*'
      sugarss: '*'
      terser: ^5.4.0
    peerDependenciesMeta:
      '@types/node':
        optional: true
      less:
        optional: true
      lightningcss:
        optional: true
      sass:
        optional: true
      stylus:
        optional: true
      sugarss:
        optional: true
      terser:
        optional: true
    dependencies:
      esbuild: 0.18.20
      postcss: 8.4.29
      rollup: 3.28.1
    optionalDependencies:
      fsevents: 2.3.3
    dev: true
